
Microsoft Visual Studio Solution File, Format Version 12.00
# Visual Studio Version 16
VisualStudioVersion = 25.0.1705.0
MinimumVisualStudioVersion = 10.0.40219.1
Project("{FAE04EC0-301F-11D3-BF4B-00C04F79EFBC}") = "Lab0", "Lab0\Lab0.csproj", "{9AB37E93-759D-4F26-B862-3A42A229D073}"
EndProject
Global
	GlobalSection(SolutionConfigurationPlatforms) = preSolution
		Debug|Any CPU = Debug|Any CPU
		Release|Any CPU = Release|Any CPU
	EndGlobalSection
	GlobalSection(ProjectConfigurationPlatforms) = postSolution
		{9AB37E93-759D-4F26-B862-3A42A229D073}.Debug|Any CPU.ActiveCfg = Debug|Any CPU
		{9AB37E93-759D-4F26-B862-3A42A229D073}.Debug|Any CPU.Build.0 = Debug|Any CPU
		{9AB37E93-759D-4F26-B862-3A42A229D073}.Release|Any CPU.ActiveCfg = Release|Any CPU
		{9AB37E93-759D-4F26-B862-3A42A229D073}.Release|Any CPU.Build.0 = Release|Any CPU
	EndGlobalSection
	GlobalSection(SolutionProperties) = preSolution
		HideSolutionNode = FALSE
	EndGlobalSection
	GlobalSection(ExtensibilityGlobals) = postSolution
		SolutionGuid = {C57DA433-1A83-4EB0-898D-AB02231156E1}
	EndGlobalSection
EndGlobal
